
Microsoft Visual Studio Solution File, Format Version 12.00
# Visual Studio Version 16
VisualStudioVersion = 16.0.30621.155
MinimumVisualStudioVersion = 10.0.40219.1
Project("{FAE04EC0-301F-11D3-BF4B-00C04F79EFBC}") = "JBLog", "JBLog\JBLog.csproj", "{F247D55F-CFC6-45E3-A392-5214140CC894}"
EndProject
Project("{FAE04EC0-301F-11D3-BF4B-00C04F79EFBC}") = "GeoCalc", "GeoCalc\GeoCalc.csproj", "{473764DB-420C-430D-B461-B7CF5080DF81}"
EndProject
Global
	GlobalSection(SolutionConfigurationPlatforms) = preSolution
		Debug|Any CPU = Debug|Any CPU
		Release|Any CPU = Release|Any CPU
	EndGlobalSection
	GlobalSection(ProjectConfigurationPlatforms) = postSolution
		{F247D55F-CFC6-45E3-A392-5214140CC894}.Debug|Any CPU.ActiveCfg = Debug|Any CPU
		{F247D55F-CFC6-45E3-A392-5214140CC894}.Debug|Any CPU.Build.0 = Debug|Any CPU
		{F247D55F-CFC6-45E3-A392-5214140CC894}.Release|Any CPU.ActiveCfg = Release|Any CPU
		{F247D55F-CFC6-45E3-A392-5214140CC894}.Release|Any CPU.Build.0 = Release|Any CPU
		{473764DB-420C-430D-B461-B7CF5080DF81}.Debug|Any CPU.ActiveCfg = Debug|Any CPU
		{473764DB-420C-430D-B461-B7CF5080DF81}.Debug|Any CPU.Build.0 = Debug|Any CPU
		{473764DB-420C-430D-B461-B7CF5080DF81}.Release|Any CPU.ActiveCfg = Release|Any CPU
		{473764DB-420C-430D-B461-B7CF5080DF81}.Release|Any CPU.Build.0 = Release|Any CPU
	EndGlobalSection
	GlobalSection(SolutionProperties) = preSolution
		HideSolutionNode = FALSE
	EndGlobalSection
	GlobalSection(ExtensibilityGlobals) = postSolution
		SolutionGuid = {80F27735-1E1C-49CA-86A0-6C7AA70D6D6A}
	EndGlobalSection
EndGlobal
